// !$*UTF8*$!
{
	archiveVersion = 1;
	classes = {
	};
	objectVersion = 46;
	objects = {

/* Begin PBXBuildFile section */
		450191A31AAA427E0096B027 /* NSObject+PropertyChecking.m in Sources */ = {isa = PBXBuildFile; fileRef = 4501918F1AAA427E0096B027 /* NSObject+PropertyChecking.m */; };
		450191A41AAA427E0096B027 /* RLDBreadcrumbNavigationCommand.m in Sources */ = {isa = PBXBuildFile; fileRef = 450191911AAA427E0096B027 /* RLDBreadcrumbNavigationCommand.m */; };
		450191A51AAA427E0096B027 /* RLDDirectNavigationCommand+PathSearching.m in Sources */ = {isa = PBXBuildFile; fileRef = 450191931AAA427E0096B027 /* RLDDirectNavigationCommand+PathSearching.m */; };
		450191A61AAA427E0096B027 /* RLDDirectNavigationCommand.m in Sources */ = {isa = PBXBuildFile; fileRef = 450191951AAA427E0096B027 /* RLDDirectNavigationCommand.m */; };
		450191A71AAA427E0096B027 /* RLDNavigationCommand+NavigationCommandRegister.m in Sources */ = {isa = PBXBuildFile; fileRef = 450191981AAA427E0096B027 /* RLDNavigationCommand+NavigationCommandRegister.m */; };
		450191A81AAA427E0096B027 /* RLDNavigationCommand.m in Sources */ = {isa = PBXBuildFile; fileRef = 4501919A1AAA427E0096B027 /* RLDNavigationCommand.m */; };
		450191A91AAA427E0096B027 /* RLDNavigationSetup+RLDNavigationCommand.m in Sources */ = {isa = PBXBuildFile; fileRef = 4501919C1AAA427E0096B027 /* RLDNavigationSetup+RLDNavigationCommand.m */; };
		450191AA1AAA427E0096B027 /* RLDNavigationSetup.m in Sources */ = {isa = PBXBuildFile; fileRef = 4501919E1AAA427E0096B027 /* RLDNavigationSetup.m */; };
		450191AB1AAA427E0096B027 /* RLDPushPopNavigationCommand.m in Sources */ = {isa = PBXBuildFile; fileRef = 450191A01AAA427E0096B027 /* RLDPushPopNavigationCommand.m */; };
		450191AC1AAA427E0096B027 /* UINavigationController+RLDNavigationSetup.m in Sources */ = {isa = PBXBuildFile; fileRef = 450191A21AAA427E0096B027 /* UINavigationController+RLDNavigationSetup.m */; };
		45DC595A1AA4DFD400E9AEB1 /* Tests.m in Sources */ = {isa = PBXBuildFile; fileRef = 45DC59591AA4DFD400E9AEB1 /* Tests.m */; };
		45DC595C1AA4DFFB00E9AEB1 /* Info.plist in Resources */ = {isa = PBXBuildFile; fileRef = 45DC595B1AA4DFFB00E9AEB1 /* Info.plist */; };
		45DC597F1AA4E96F00E9AEB1 /* TestHelpers.m in Sources */ = {isa = PBXBuildFile; fileRef = 45DC597E1AA4E96F00E9AEB1 /* TestHelpers.m */; };
/* End PBXBuildFile section */

/* Begin PBXFileReference section */
		4501918E1AAA427E0096B027 /* NSObject+PropertyChecking.h */ = {isa = PBXFileReference; fileEncoding = 4; lastKnownFileType = sourcecode.c.h; path = "NSObject+PropertyChecking.h"; sourceTree = "<group>"; };
		4501918F1AAA427E0096B027 /* NSObject+PropertyChecking.m */ = {isa = PBXFileReference; fileEncoding = 4; lastKnownFileType = sourcecode.c.objc; path = "NSObject+PropertyChecking.m"; sourceTree = "<group>"; };
		450191901AAA427E0096B027 /* RLDBreadcrumbNavigationCommand.h */ = {isa = PBXFileReference; fileEncoding = 4; lastKnownFileType = sourcecode.c.h; path = RLDBreadcrumbNavigationCommand.h; sourceTree = "<group>"; };
		450191911AAA427E0096B027 /* RLDBreadcrumbNavigationCommand.m */ = {isa = PBXFileReference; fileEncoding = 4; lastKnownFileType = sourcecode.c.objc; path = RLDBreadcrumbNavigationCommand.m; sourceTree = "<group>"; };
		450191921AAA427E0096B027 /* RLDDirectNavigationCommand+PathSearching.h */ = {isa = PBXFileReference; fileEncoding = 4; lastKnownFileType = sourcecode.c.h; path = "RLDDirectNavigationCommand+PathSearching.h"; sourceTree = "<group>"; };
		450191931AAA427E0096B027 /* RLDDirectNavigationCommand+PathSearching.m */ = {isa = PBXFileReference; fileEncoding = 4; lastKnownFileType = sourcecode.c.objc; path = "RLDDirectNavigationCommand+PathSearching.m"; sourceTree = "<group>"; };
		450191941AAA427E0096B027 /* RLDDirectNavigationCommand.h */ = {isa = PBXFileReference; fileEncoding = 4; lastKnownFileType = sourcecode.c.h; path = RLDDirectNavigationCommand.h; sourceTree = "<group>"; };
		450191951AAA427E0096B027 /* RLDDirectNavigationCommand.m */ = {isa = PBXFileReference; fileEncoding = 4; lastKnownFileType = sourcecode.c.objc; path = RLDDirectNavigationCommand.m; sourceTree = "<group>"; };
		450191961AAA427E0096B027 /* RLDNavigation.h */ = {isa = PBXFileReference; fileEncoding = 4; lastKnownFileType = sourcecode.c.h; path = RLDNavigation.h; sourceTree = "<group>"; };
		450191971AAA427E0096B027 /* RLDNavigationCommand+NavigationCommandRegister.h */ = {isa = PBXFileReference; fileEncoding = 4; lastKnownFileType = sourcecode.c.h; path = "RLDNavigationCommand+NavigationCommandRegister.h"; sourceTree = "<group>"; };
		450191981AAA427E0096B027 /* RLDNavigationCommand+NavigationCommandRegister.m */ = {isa = PBXFileReference; fileEncoding = 4; lastKnownFileType = sourcecode.c.objc; path = "RLDNavigationCommand+NavigationCommandRegister.m"; sourceTree = "<group>"; };
		450191991AAA427E0096B027 /* RLDNavigationCommand.h */ = {isa = PBXFileReference; fileEncoding = 4; lastKnownFileType = sourcecode.c.h; path = RLDNavigationCommand.h; sourceTree = "<group>"; };
		4501919A1AAA427E0096B027 /* RLDNavigationCommand.m */ = {isa = PBXFileReference; fileEncoding = 4; lastKnownFileType = sourcecode.c.objc; path = RLDNavigationCommand.m; sourceTree = "<group>"; };
		4501919B1AAA427E0096B027 /* RLDNavigationSetup+RLDNavigationCommand.h */ = {isa = PBXFileReference; fileEncoding = 4; lastKnownFileType = sourcecode.c.h; path = "RLDNavigationSetup+RLDNavigationCommand.h"; sourceTree = "<group>"; };
		4501919C1AAA427E0096B027 /* RLDNavigationSetup+RLDNavigationCommand.m */ = {isa = PBXFileReference; fileEncoding = 4; lastKnownFileType = sourcecode.c.objc; path = "RLDNavigationSetup+RLDNavigationCommand.m"; sourceTree = "<group>"; };
		4501919D1AAA427E0096B027 /* RLDNavigationSetup.h */ = {isa = PBXFileReference; fileEncoding = 4; lastKnownFileType = sourcecode.c.h; path = RLDNavigationSetup.h; sourceTree = "<group>"; };
		4501919E1AAA427E0096B027 /* RLDNavigationSetup.m */ = {isa = PBXFileReference; fileEncoding = 4; lastKnownFileType = sourcecode.c.objc; path = RLDNavigationSetup.m; sourceTree = "<group>"; };
		4501919F1AAA427E0096B027 /* RLDPushPopNavigationCommand.h */ = {isa = PBXFileReference; fileEncoding = 4; lastKnownFileType = sourcecode.c.h; path = RLDPushPopNavigationCommand.h; sourceTree = "<group>"; };
		450191A01AAA427E0096B027 /* RLDPushPopNavigationCommand.m */ = {isa = PBXFileReference; fileEncoding = 4; lastKnownFileType = sourcecode.c.objc; path = RLDPushPopNavigationCommand.m; sourceTree = "<group>"; };
		450191A11AAA427E0096B027 /* UINavigationController+RLDNavigationSetup.h */ = {isa = PBXFileReference; fileEncoding = 4; lastKnownFileType = sourcecode.c.h; path = "UINavigationController+RLDNavigationSetup.h"; sourceTree = "<group>"; };
		450191A21AAA427E0096B027 /* UINavigationController+RLDNavigationSetup.m */ = {isa = PBXFileReference; fileEncoding = 4; lastKnownFileType = sourcecode.c.objc; path = "UINavigationController+RLDNavigationSetup.m"; sourceTree = "<group>"; };
		452B76551AA4DF9600B321BC /* Tests.xctest */ = {isa = PBXFileReference; explicitFileType = wrapper.cfbundle; includeInIndex = 0; path = Tests.xctest; sourceTree = BUILT_PRODUCTS_DIR; };
		45DC59591AA4DFD400E9AEB1 /* Tests.m */ = {isa = PBXFileReference; fileEncoding = 4; lastKnownFileType = sourcecode.c.objc; path = Tests.m; sourceTree = "<group>"; };
		45DC595B1AA4DFFB00E9AEB1 /* Info.plist */ = {isa = PBXFileReference; fileEncoding = 4; lastKnownFileType = text.plist.xml; path = Info.plist; sourceTree = "<group>"; };
		45DC597D1AA4E96F00E9AEB1 /* TestHelpers.h */ = {isa = PBXFileReference; fileEncoding = 4; lastKnownFileType = sourcecode.c.h; path = TestHelpers.h; sourceTree = "<group>"; };
		45DC597E1AA4E96F00E9AEB1 /* TestHelpers.m */ = {isa = PBXFileReference; fileEncoding = 4; lastKnownFileType = sourcecode.c.objc; path = TestHelpers.m; sourceTree = "<group>"; };
/* End PBXFileReference section */

/* Begin PBXFrameworksBuildPhase section */
		452B76521AA4DF9600B321BC /* Frameworks */ = {
			isa = PBXFrameworksBuildPhase;
			buildActionMask = 2147483647;
			files = (
			);
			runOnlyForDeploymentPostprocessing = 0;
		};
/* End PBXFrameworksBuildPhase section */

/* Begin PBXGroup section */
		4501918D1AAA427E0096B027 /* Classes */ = {
			isa = PBXGroup;
			children = (
				4501918E1AAA427E0096B027 /* NSObject+PropertyChecking.h */,
				4501918F1AAA427E0096B027 /* NSObject+PropertyChecking.m */,
				450191901AAA427E0096B027 /* RLDBreadcrumbNavigationCommand.h */,
				450191911AAA427E0096B027 /* RLDBreadcrumbNavigationCommand.m */,
				450191921AAA427E0096B027 /* RLDDirectNavigationCommand+PathSearching.h */,
				450191931AAA427E0096B027 /* RLDDirectNavigationCommand+PathSearching.m */,
				450191941AAA427E0096B027 /* RLDDirectNavigationCommand.h */,
				450191951AAA427E0096B027 /* RLDDirectNavigationCommand.m */,
				450191961AAA427E0096B027 /* RLDNavigation.h */,
				450191971AAA427E0096B027 /* RLDNavigationCommand+NavigationCommandRegister.h */,
				450191981AAA427E0096B027 /* RLDNavigationCommand+NavigationCommandRegister.m */,
				450191991AAA427E0096B027 /* RLDNavigationCommand.h */,
				4501919A1AAA427E0096B027 /* RLDNavigationCommand.m */,
				4501919B1AAA427E0096B027 /* RLDNavigationSetup+RLDNavigationCommand.h */,
				4501919C1AAA427E0096B027 /* RLDNavigationSetup+RLDNavigationCommand.m */,
				4501919D1AAA427E0096B027 /* RLDNavigationSetup.h */,
				4501919E1AAA427E0096B027 /* RLDNavigationSetup.m */,
				4501919F1AAA427E0096B027 /* RLDPushPopNavigationCommand.h */,
				450191A01AAA427E0096B027 /* RLDPushPopNavigationCommand.m */,
				450191A11AAA427E0096B027 /* UINavigationController+RLDNavigationSetup.h */,
				450191A21AAA427E0096B027 /* UINavigationController+RLDNavigationSetup.m */,
			);
			name = Classes;
			path = ../Classes;
			sourceTree = "<group>";
		};
		452B76331AA4DF9600B321BC = {
			isa = PBXGroup;
			children = (
				4501918D1AAA427E0096B027 /* Classes */,
				45DC59581AA4DFD400E9AEB1 /* Tests */,
				452B763D1AA4DF9600B321BC /* Products */,
			);
			sourceTree = "<group>";
		};
		452B763D1AA4DF9600B321BC /* Products */ = {
			isa = PBXGroup;
			children = (
				452B76551AA4DF9600B321BC /* Tests.xctest */,
			);
			name = Products;
			sourceTree = "<group>";
		};
		45DC59581AA4DFD400E9AEB1 /* Tests */ = {
			isa = PBXGroup;
			children = (
				45DC59591AA4DFD400E9AEB1 /* Tests.m */,
				45DC597D1AA4E96F00E9AEB1 /* TestHelpers.h */,
				45DC597E1AA4E96F00E9AEB1 /* TestHelpers.m */,
				45DC595B1AA4DFFB00E9AEB1 /* Info.plist */,
			);
			path = Tests;
			sourceTree = "<group>";
		};
/* End PBXGroup section */

/* Begin PBXNativeTarget section */
		452B76541AA4DF9600B321BC /* Tests */ = {
			isa = PBXNativeTarget;
			buildConfigurationList = 452B76621AA4DF9600B321BC /* Build configuration list for PBXNativeTarget "Tests" */;
			buildPhases = (
				452B76511AA4DF9600B321BC /* Sources */,
				452B76521AA4DF9600B321BC /* Frameworks */,
				452B76531AA4DF9600B321BC /* Resources */,
			);
			buildRules = (
			);
			dependencies = (
			);
			name = Tests;
			productName = TestsTests;
			productReference = 452B76551AA4DF9600B321BC /* Tests.xctest */;
			productType = "com.apple.product-type.bundle.unit-test";
		};
/* End PBXNativeTarget section */

/* Begin PBXProject section */
		452B76341AA4DF9600B321BC /* Project object */ = {
			isa = PBXProject;
			attributes = {
				LastUpgradeCheck = 0610;
				TargetAttributes = {
					452B76541AA4DF9600B321BC = {
						CreatedOnToolsVersion = 6.1;
					};
				};
			};
			buildConfigurationList = 452B76371AA4DF9600B321BC /* Build configuration list for PBXProject "Tests" */;
			compatibilityVersion = "Xcode 3.2";
			developmentRegion = English;
			hasScannedForEncodings = 0;
			knownRegions = (
				en,
				Base,
			);
			mainGroup = 452B76331AA4DF9600B321BC;
			productRefGroup = 452B763D1AA4DF9600B321BC /* Products */;
			projectDirPath = "";
			projectRoot = "";
			targets = (
				452B76541AA4DF9600B321BC /* Tests */,
			);
		};
/* End PBXProject section */

/* Begin PBXResourcesBuildPhase section */
		452B76531AA4DF9600B321BC /* Resources */ = {
			isa = PBXResourcesBuildPhase;
			buildActionMask = 2147483647;
			files = (
				45DC595C1AA4DFFB00E9AEB1 /* Info.plist in Resources */,
			);
			runOnlyForDeploymentPostprocessing = 0;
		};
/* End PBXResourcesBuildPhase section */

/* Begin PBXSourcesBuildPhase section */
		452B76511AA4DF9600B321BC /* Sources */ = {
			isa = PBXSourcesBuildPhase;
			buildActionMask = 2147483647;
			files = (
				45DC597F1AA4E96F00E9AEB1 /* TestHelpers.m in Sources */,
				450191A61AAA427E0096B027 /* RLDDirectNavigationCommand.m in Sources */,
				450191AC1AAA427E0096B027 /* UINavigationController+RLDNavigationSetup.m in Sources */,
				450191AA1AAA427E0096B027 /* RLDNavigationSetup.m in Sources */,
				450191AB1AAA427E0096B027 /* RLDPushPopNavigationCommand.m in Sources */,
				450191A81AAA427E0096B027 /* RLDNavigationCommand.m in Sources */,
				450191A91AAA427E0096B027 /* RLDNavigationSetup+RLDNavigationCommand.m in Sources */,
				450191A51AAA427E0096B027 /* RLDDirectNavigationCommand+PathSearching.m in Sources */,
				450191A31AAA427E0096B027 /* NSObject+PropertyChecking.m in Sources */,
				450191A41AAA427E0096B027 /* RLDBreadcrumbNavigationCommand.m in Sources */,
				45DC595A1AA4DFD400E9AEB1 /* Tests.m in Sources */,
				450191A71AAA427E0096B027 /* RLDNavigationCommand+NavigationCommandRegister.m in Sources */,
			);
			runOnlyForDeploymentPostprocessing = 0;
		};
/* End PBXSourcesBuildPhase section */

/* Begin XCBuildConfiguration section */
		452B765D1AA4DF9600B321BC /* Debug */ = {
			isa = XCBuildConfiguration;
			buildSettings = {
				ALWAYS_SEARCH_USER_PATHS = NO;
				CLANG_CXX_LANGUAGE_STANDARD = "gnu++0x";
				CLANG_CXX_LIBRARY = "libc++";
				CLANG_ENABLE_MODULES = YES;
				CLANG_ENABLE_OBJC_ARC = YES;
				CLANG_WARN_BOOL_CONVERSION = YES;
				CLANG_WARN_CONSTANT_CONVERSION = YES;
				CLANG_WARN_DIRECT_OBJC_ISA_USAGE = YES_ERROR;
				CLANG_WARN_EMPTY_BODY = YES;
				CLANG_WARN_ENUM_CONVERSION = YES;
				CLANG_WARN_INT_CONVERSION = YES;
				CLANG_WARN_OBJC_ROOT_CLASS = YES_ERROR;
				CLANG_WARN_UNREACHABLE_CODE = YES;
				CLANG_WARN__DUPLICATE_METHOD_MATCH = YES;
				"CODE_SIGN_IDENTITY[sdk=iphoneos*]" = "iPhone Developer";
				COPY_PHASE_STRIP = NO;
				ENABLE_STRICT_OBJC_MSGSEND = YES;
				GCC_C_LANGUAGE_STANDARD = gnu99;
				GCC_DYNAMIC_NO_PIC = NO;
				GCC_GENERATE_TEST_COVERAGE_FILES = YES;
				GCC_INSTRUMENT_PROGRAM_FLOW_ARCS = YES;
				GCC_OPTIMIZATION_LEVEL = 0;
				GCC_PREPROCESSOR_DEFINITIONS = (
					"DEBUG=1",
					"$(inherited)",
				);
				GCC_SYMBOLS_PRIVATE_EXTERN = NO;
				GCC_WARN_64_TO_32_BIT_CONVERSION = YES;
				GCC_WARN_ABOUT_RETURN_TYPE = YES_ERROR;
				GCC_WARN_UNDECLARED_SELECTOR = YES;
				GCC_WARN_UNINITIALIZED_AUTOS = YES_AGGRESSIVE;
				GCC_WARN_UNUSED_FUNCTION = YES;
				GCC_WARN_UNUSED_VARIABLE = YES;
				IPHONEOS_DEPLOYMENT_TARGET = 8.1;
				MTL_ENABLE_DEBUG_INFO = YES;
				ONLY_ACTIVE_ARCH = YES;
				SDKROOT = iphoneos;
			};
			name = Debug;
		};
		452B765E1AA4DF9600B321BC /* Release */ = {
			isa = XCBuildConfiguration;
			buildSettings = {
				ALWAYS_SEARCH_USER_PATHS = NO;
				CLANG_CXX_LANGUAGE_STANDARD = "gnu++0x";
				CLANG_CXX_LIBRARY = "libc++";
				CLANG_ENABLE_MODULES = YES;
				CLANG_ENABLE_OBJC_ARC = YES;
				CLANG_WARN_BOOL_CONVERSION = YES;
				CLANG_WARN_CONSTANT_CONVERSION = YES;
				CLANG_WARN_DIRECT_OBJC_ISA_USAGE = YES_ERROR;
				CLANG_WARN_EMPTY_BODY = YES;
				CLANG_WARN_ENUM_CONVERSION = YES;
				CLANG_WARN_INT_CONVERSION = YES;
				CLANG_WARN_OBJC_ROOT_CLASS = YES_ERROR;
				CLANG_WARN_UNREACHABLE_CODE = YES;
				CLANG_WARN__DUPLICATE_METHOD_MATCH = YES;
				"CODE_SIGN_IDENTITY[sdk=iphoneos*]" = "iPhone Developer";
				COPY_PHASE_STRIP = YES;
				ENABLE_NS_ASSERTIONS = NO;
				ENABLE_STRICT_OBJC_MSGSEND = YES;
				GCC_C_LANGUAGE_STANDARD = gnu99;
				GCC_GENERATE_TEST_COVERAGE_FILES = YES;
				GCC_INSTRUMENT_PROGRAM_FLOW_ARCS = YES;
				GCC_WARN_64_TO_32_BIT_CONVERSION = YES;
				GCC_WARN_ABOUT_RETURN_TYPE = YES_ERROR;
				GCC_WARN_UNDECLARED_SELECTOR = YES;
				GCC_WARN_UNINITIALIZED_AUTOS = YES_AGGRESSIVE;
				GCC_WARN_UNUSED_FUNCTION = YES;
				GCC_WARN_UNUSED_VARIABLE = YES;
				IPHONEOS_DEPLOYMENT_TARGET = 8.1;
				MTL_ENABLE_DEBUG_INFO = NO;
				SDKROOT = iphoneos;
				VALIDATE_PRODUCT = YES;
			};
			name = Release;
		};
		452B76631AA4DF9600B321BC /* Debug */ = {
			isa = XCBuildConfiguration;
			buildSettings = {
				FRAMEWORK_SEARCH_PATHS = (
					"$(SDKROOT)/Developer/Library/Frameworks",
					"$(inherited)",
				);
				GCC_PREPROCESSOR_DEFINITIONS = (
					"DEBUG=1",
					"$(inherited)",
				);
				INFOPLIST_FILE = Tests/info.plist;
				LD_RUNPATH_SEARCH_PATHS = "$(inherited) @executable_path/Frameworks @loader_path/Frameworks";
				PRODUCT_NAME = "$(TARGET_NAME)";
			};
			name = Debug;
		};
		452B76641AA4DF9600B321BC /* Release */ = {
			isa = XCBuildConfiguration;
			buildSettings = {
				FRAMEWORK_SEARCH_PATHS = (
					"$(SDKROOT)/Developer/Library/Frameworks",
					"$(inherited)",
				);
				INFOPLIST_FILE = Tests/info.plist;
				LD_RUNPATH_SEARCH_PATHS = "$(inherited) @executable_path/Frameworks @loader_path/Frameworks";
				PRODUCT_NAME = "$(TARGET_NAME)";
			};
			name = Release;
		};
/* End XCBuildConfiguration section */

/* Begin XCConfigurationList section */
		452B76371AA4DF9600B321BC /* Build configuration list for PBXProject "Tests" */ = {
			isa = XCConfigurationList;
			buildConfigurations = (
				452B765D1AA4DF9600B321BC /* Debug */,
				452B765E1AA4DF9600B321BC /* Release */,
			);
			defaultConfigurationIsVisible = 0;
			defaultConfigurationName = Release;
		};
		452B76621AA4DF9600B321BC /* Build configuration list for PBXNativeTarget "Tests" */ = {
			isa = XCConfigurationList;
			buildConfigurations = (
				452B76631AA4DF9600B321BC /* Debug */,
				452B76641AA4DF9600B321BC /* Release */,
			);
			defaultConfigurationIsVisible = 0;
			defaultConfigurationName = Release;
		};
/* End XCConfigurationList section */
	};
	rootObject = 452B76341AA4DF9600B321BC /* Project object */;
}
